// !$*UTF8*$!
{
	archiveVersion = 1;
	classes = {
	};
	objectVersion = 46;
	objects = {

/* Begin PBXBuildFile section */
		05D1028D1BB800740036FBB4 /* AppDelegate.swift in Sources */ = {isa = PBXBuildFile; fileRef = 05D1028C1BB800740036FBB4 /* AppDelegate.swift */; };
		05D1028F1BB800740036FBB4 /* ViewController.swift in Sources */ = {isa = PBXBuildFile; fileRef = 05D1028E1BB800740036FBB4 /* ViewController.swift */; };
		05D102921BB800740036FBB4 /* Main.storyboard in Resources */ = {isa = PBXBuildFile; fileRef = 05D102901BB800740036FBB4 /* Main.storyboard */; };
		05D102941BB800740036FBB4 /* Assets.xcassets in Resources */ = {isa = PBXBuildFile; fileRef = 05D102931BB800740036FBB4 /* Assets.xcassets */; };
		05D102971BB800740036FBB4 /* LaunchScreen.storyboard in Resources */ = {isa = PBXBuildFile; fileRef = 05D102951BB800740036FBB4 /* LaunchScreen.storyboard */; };
		05D102AC1BB809DC0036FBB4 /* InfoPlist.strings in Resources */ = {isa = PBXBuildFile; fileRef = 05D102AE1BB809DC0036FBB4 /* InfoPlist.strings */; };
/* End PBXBuildFile section */

/* Begin PBXFileReference section */
		05D102891BB800740036FBB4 /* DGQuickActionsTutorial.app */ = {isa = PBXFileReference; explicitFileType = wrapper.application; includeInIndex = 0; path = DGQuickActionsTutorial.app; sourceTree = BUILT_PRODUCTS_DIR; };
		05D1028C1BB800740036FBB4 /* AppDelegate.swift */ = {isa = PBXFileReference; lastKnownFileType = sourcecode.swift; path = AppDelegate.swift; sourceTree = "<group>"; };
		05D1028E1BB800740036FBB4 /* ViewController.swift */ = {isa = PBXFileReference; lastKnownFileType = sourcecode.swift; path = ViewController.swift; sourceTree = "<group>"; };
		05D102911BB800740036FBB4 /* Base */ = {isa = PBXFileReference; lastKnownFileType = file.storyboard; name = Base; path = Base.lproj/Main.storyboard; sourceTree = "<group>"; };
		05D102931BB800740036FBB4 /* Assets.xcassets */ = {isa = PBXFileReference; lastKnownFileType = folder.assetcatalog; path = Assets.xcassets; sourceTree = "<group>"; };
		05D102961BB800740036FBB4 /* Base */ = {isa = PBXFileReference; lastKnownFileType = file.storyboard; name = Base; path = Base.lproj/LaunchScreen.storyboard; sourceTree = "<group>"; };
		05D102981BB800740036FBB4 /* Info.plist */ = {isa = PBXFileReference; lastKnownFileType = text.plist.xml; path = Info.plist; sourceTree = "<group>"; };
		05D102AD1BB809DC0036FBB4 /* Base */ = {isa = PBXFileReference; lastKnownFileType = text.plist.strings; name = Base; path = Base.lproj/InfoPlist.strings; sourceTree = "<group>"; };
		05D102AF1BB80A720036FBB4 /* en */ = {isa = PBXFileReference; lastKnownFileType = text.plist.strings; name = en; path = en.lproj/InfoPlist.strings; sourceTree = "<group>"; };
/* End PBXFileReference section */

/* Begin PBXFrameworksBuildPhase section */
		05D102861BB800740036FBB4 /* Frameworks */ = {
			isa = PBXFrameworksBuildPhase;
			buildActionMask = 2147483647;
			files = (
			);
			runOnlyForDeploymentPostprocessing = 0;
		};
/* End PBXFrameworksBuildPhase section */

/* Begin PBXGroup section */
		05D102801BB800730036FBB4 = {
			isa = PBXGroup;
			children = (
				05D102AE1BB809DC0036FBB4 /* InfoPlist.strings */,
				05D1028B1BB800740036FBB4 /* DGQuickActionsTutorial */,
				05D1028A1BB800740036FBB4 /* Products */,
			);
			sourceTree = "<group>";
		};
		05D1028A1BB800740036FBB4 /* Products */ = {
			isa = PBXGroup;
			children = (
				05D102891BB800740036FBB4 /* DGQuickActionsTutorial.app */,
			);
			name = Products;
			sourceTree = "<group>";
		};
		05D1028B1BB800740036FBB4 /* DGQuickActionsTutorial */ = {
			isa = PBXGroup;
			children = (
				05D1028C1BB800740036FBB4 /* AppDelegate.swift */,
				05D1028E1BB800740036FBB4 /* ViewController.swift */,
				05D102901BB800740036FBB4 /* Main.storyboard */,
				05D102931BB800740036FBB4 /* Assets.xcassets */,
				05D102951BB800740036FBB4 /* LaunchScreen.storyboard */,
				05D102981BB800740036FBB4 /* Info.plist */,
			);
			path = DGQuickActionsTutorial;
			sourceTree = "<group>";
		};
/* End PBXGroup section */

/* Begin PBXNativeTarget section */
		05D102881BB800740036FBB4 /* DGQuickActionsTutorial */ = {
			isa = PBXNativeTarget;
			buildConfigurationList = 05D1029B1BB800740036FBB4 /* Build configuration list for PBXNativeTarget "DGQuickActionsTutorial" */;
			buildPhases = (
				05D102851BB800740036FBB4 /* Sources */,
				05D102861BB800740036FBB4 /* Frameworks */,
				05D102871BB800740036FBB4 /* Resources */,
			);
			buildRules = (
			);
			dependencies = (
			);
			name = DGQuickActionsTutorial;
			productName = DGQuickActionsTutorial;
			productReference = 05D102891BB800740036FBB4 /* DGQuickActionsTutorial.app */;
			productType = "com.apple.product-type.application";
		};
/* End PBXNativeTarget section */

/* Begin PBXProject section */
		05D102811BB800730036FBB4 /* Project object */ = {
			isa = PBXProject;
			attributes = {
				LastUpgradeCheck = 0700;
				ORGANIZATIONNAME = "Danil Gontovnik";
				TargetAttributes = {
					05D102881BB800740036FBB4 = {
						CreatedOnToolsVersion = 7.0;
					};
				};
			};
			buildConfigurationList = 05D102841BB800730036FBB4 /* Build configuration list for PBXProject "DGQuickActionsTutorial" */;
			compatibilityVersion = "Xcode 3.2";
			developmentRegion = English;
			hasScannedForEncodings = 0;
			knownRegions = (
				en,
				Base,
			);
			mainGroup = 05D102801BB800730036FBB4;
			productRefGroup = 05D1028A1BB800740036FBB4 /* Products */;
			projectDirPath = "";
			projectRoot = "";
			targets = (
				05D102881BB800740036FBB4 /* DGQuickActionsTutorial */,
			);
		};
/* End PBXProject section */

/* Begin PBXResourcesBuildPhase section */
		05D102871BB800740036FBB4 /* Resources */ = {
			isa = PBXResourcesBuildPhase;
			buildActionMask = 2147483647;
			files = (
				05D102971BB800740036FBB4 /* LaunchScreen.storyboard in Resources */,
				05D102AC1BB809DC0036FBB4 /* InfoPlist.strings in Resources */,
				05D102941BB800740036FBB4 /* Assets.xcassets in Resources */,
				05D102921BB800740036FBB4 /* Main.storyboard in Resources */,
			);
			runOnlyForDeploymentPostprocessing = 0;
		};
/* End PBXResourcesBuildPhase section */

/* Begin PBXSourcesBuildPhase section */
		05D102851BB800740036FBB4 /* Sources */ = {
			isa = PBXSourcesBuildPhase;
			buildActionMask = 2147483647;
			files = (
				05D1028F1BB800740036FBB4 /* ViewController.swift in Sources */,
				05D1028D1BB800740036FBB4 /* AppDelegate.swift in Sources */,
			);
			runOnlyForDeploymentPostprocessing = 0;
		};
/* End PBXSourcesBuildPhase section */

/* Begin PBXVariantGroup section */
		05D102901BB800740036FBB4 /* Main.storyboard */ = {
			isa = PBXVariantGroup;
			children = (
				05D102911BB800740036FBB4 /* Base */,
			);
			name = Main.storyboard;
			sourceTree = "<group>";
		};
		05D102951BB800740036FBB4 /* LaunchScreen.storyboard */ = {
			isa = PBXVariantGroup;
			children = (
				05D102961BB800740036FBB4 /* Base */,
			);
			name = LaunchScreen.storyboard;
			sourceTree = "<group>";
		};
		05D102AE1BB809DC0036FBB4 /* InfoPlist.strings */ = {
			isa = PBXVariantGroup;
			children = (
				05D102AD1BB809DC0036FBB4 /* Base */,
				05D102AF1BB80A720036FBB4 /* en */,
			);
			name = InfoPlist.strings;
			sourceTree = "<group>";
		};
/* End PBXVariantGroup section */

/* Begin XCBuildConfiguration section */
		05D102991BB800740036FBB4 /* Debug */ = {
			isa = XCBuildConfiguration;
			buildSettings = {
				ALWAYS_SEARCH_USER_PATHS = NO;
				CLANG_CXX_LANGUAGE_STANDARD = "gnu++0x";
				CLANG_CXX_LIBRARY = "libc++";
				CLANG_ENABLE_MODULES = YES;
				CLANG_ENABLE_OBJC_ARC = YES;
				CLANG_WARN_BOOL_CONVERSION = YES;
				CLANG_WARN_CONSTANT_CONVERSION = YES;
				CLANG_WARN_DIRECT_OBJC_ISA_USAGE = YES_ERROR;
				CLANG_WARN_EMPTY_BODY = YES;
				CLANG_WARN_ENUM_CONVERSION = YES;
				CLANG_WARN_INT_CONVERSION = YES;
				CLANG_WARN_OBJC_ROOT_CLASS = YES_ERROR;
				CLANG_WARN_UNREACHABLE_CODE = YES;
				CLANG_WARN__DUPLICATE_METHOD_MATCH = YES;
				"CODE_SIGN_IDENTITY[sdk=iphoneos*]" = "iPhone Developer";
				COPY_PHASE_STRIP = NO;
				DEBUG_INFORMATION_FORMAT = dwarf;
				ENABLE_STRICT_OBJC_MSGSEND = YES;
				ENABLE_TESTABILITY = YES;
				GCC_C_LANGUAGE_STANDARD = gnu99;
				GCC_DYNAMIC_NO_PIC = NO;
				GCC_NO_COMMON_BLOCKS = YES;
				GCC_OPTIMIZATION_LEVEL = 0;
				GCC_PREPROCESSOR_DEFINITIONS = (
					"DEBUG=1",
					"$(inherited)",
				);
				GCC_WARN_64_TO_32_BIT_CONVERSION = YES;
				GCC_WARN_ABOUT_RETURN_TYPE = YES_ERROR;
				GCC_WARN_UNDECLARED_SELECTOR = YES;
				GCC_WARN_UNINITIALIZED_AUTOS = YES_AGGRESSIVE;
				GCC_WARN_UNUSED_FUNCTION = YES;
				GCC_WARN_UNUSED_VARIABLE = YES;
				IPHONEOS_DEPLOYMENT_TARGET = 9.0;
				MTL_ENABLE_DEBUG_INFO = YES;
				ONLY_ACTIVE_ARCH = YES;
				SDKROOT = iphoneos;
				SWIFT_OPTIMIZATION_LEVEL = "-Onone";
				TARGETED_DEVICE_FAMILY = "1,2";
			};
			name = Debug;
		};
		05D1029A1BB800740036FBB4 /* Release */ = {
			isa = XCBuildConfiguration;
			buildSettings = {
				ALWAYS_SEARCH_USER_PATHS = NO;
				CLANG_CXX_LANGUAGE_STANDARD = "gnu++0x";
				CLANG_CXX_LIBRARY = "libc++";
				CLANG_ENABLE_MODULES = YES;
				CLANG_ENABLE_OBJC_ARC = YES;
				CLANG_WARN_BOOL_CONVERSION = YES;
				CLANG_WARN_CONSTANT_CONVERSION = YES;
				CLANG_WARN_DIRECT_OBJC_ISA_USAGE = YES_ERROR;
				CLANG_WARN_EMPTY_BODY = YES;
				CLANG_WARN_ENUM_CONVERSION = YES;
				CLANG_WARN_INT_CONVERSION = YES;
				CLANG_WARN_OBJC_ROOT_CLASS = YES_ERROR;
				CLANG_WARN_UNREACHABLE_CODE = YES;
				CLANG_WARN__DUPLICATE_METHOD_MATCH = YES;
				"CODE_SIGN_IDENTITY[sdk=iphoneos*]" = "iPhone Developer";
				COPY_PHASE_STRIP = NO;
				DEBUG_INFORMATION_FORMAT = "dwarf-with-dsym";
				ENABLE_NS_ASSERTIONS = NO;
				ENABLE_STRICT_OBJC_MSGSEND = YES;
				GCC_C_LANGUAGE_STANDARD = gnu99;
				GCC_NO_COMMON_BLOCKS = YES;
				GCC_WARN_64_TO_32_BIT_CONVERSION = YES;
				GCC_WARN_ABOUT_RETURN_TYPE = YES_ERROR;
				GCC_WARN_UNDECLARED_SELECTOR = YES;
				GCC_WARN_UNINITIALIZED_AUTOS = YES_AGGRESSIVE;
				GCC_WARN_UNUSED_FUNCTION = YES;
				GCC_WARN_UNUSED_VARIABLE = YES;
				IPHONEOS_DEPLOYMENT_TARGET = 9.0;
				MTL_ENABLE_DEBUG_INFO = NO;
				SDKROOT = iphoneos;
				TARGETED_DEVICE_FAMILY = "1,2";
				VALIDATE_PRODUCT = YES;
			};
			name = Release;
		};
		05D1029C1BB800740036FBB4 /* Debug */ = {
			isa = XCBuildConfiguration;
			buildSettings = {
				ASSETCATALOG_COMPILER_APPICON_NAME = AppIcon;
				INFOPLIST_FILE = DGQuickActionsTutorial/Info.plist;
				LD_RUNPATH_SEARCH_PATHS = "$(inherited) @executable_path/Frameworks";
				PRODUCT_BUNDLE_IDENTIFIER = com.gatafan.DGQuickActionsTutorial;
				PRODUCT_NAME = "$(TARGET_NAME)";
			};
			name = Debug;
		};
		05D1029D1BB800740036FBB4 /* Release */ = {
			isa = XCBuildConfiguration;
			buildSettings = {
				ASSETCATALOG_COMPILER_APPICON_NAME = AppIcon;
				INFOPLIST_FILE = DGQuickActionsTutorial/Info.plist;
				LD_RUNPATH_SEARCH_PATHS = "$(inherited) @executable_path/Frameworks";
				PRODUCT_BUNDLE_IDENTIFIER = com.gatafan.DGQuickActionsTutorial;
				PRODUCT_NAME = "$(TARGET_NAME)";
			};
			name = Release;
		};
/* End XCBuildConfiguration section */

/* Begin XCConfigurationList section */
		05D102841BB800730036FBB4 /* Build configuration list for PBXProject "DGQuickActionsTutorial" */ = {
			isa = XCConfigurationList;
			buildConfigurations = (
				05D102991BB800740036FBB4 /* Debug */,
				05D1029A1BB800740036FBB4 /* Release */,
			);
			defaultConfigurationIsVisible = 0;
			defaultConfigurationName = Release;
		};
		05D1029B1BB800740036FBB4 /* Build configuration list for PBXNativeTarget "DGQuickActionsTutorial" */ = {
			isa = XCConfigurationList;
			buildConfigurations = (
				05D1029C1BB800740036FBB4 /* Debug */,
				05D1029D1BB800740036FBB4 /* Release */,
			);
			defaultConfigurationIsVisible = 0;
		};
/* End XCConfigurationList section */
	};
	rootObject = 05D102811BB800730036FBB4 /* Project object */;
}
